
Microsoft Visual Studio Solution File, Format Version 12.00
# Visual Studio Version 17
VisualStudioVersion = 17.2.32630.192
MinimumVisualStudioVersion = 10.0.40219.1
Project("{FAE04EC0-301F-11D3-BF4B-00C04F79EFBC}") = "Lab_2-1", "Lab_2-1\Lab_2-1.csproj", "{9A65AF68-E8B2-41ED-AA55-BEF6A4797E87}"
EndProject
Project("{FAE04EC0-301F-11D3-BF4B-00C04F79EFBC}") = "Lab_2-2", "Lab_2-2\Lab_2-2.csproj", "{C26700A1-2B14-4295-BD1A-B1F322B2E8EC}"
EndProject
Project("{FAE04EC0-301F-11D3-BF4B-00C04F79EFBC}") = "Lab_2-3", "Lab_2-3\Lab_2-3.csproj", "{F9B807E3-6BD7-4495-A614-07F7B02FE3AA}"
EndProject
Project("{FAE04EC0-301F-11D3-BF4B-00C04F79EFBC}") = "Lab_2-4", "Lab_2-4\Lab_2-4.csproj", "{6A16DAE2-D5CD-409F-8778-640E3F8997AB}"
EndProject
Global
	GlobalSection(SolutionConfigurationPlatforms) = preSolution
		Debug|Any CPU = Debug|Any CPU
		Release|Any CPU = Release|Any CPU
	EndGlobalSection
	GlobalSection(ProjectConfigurationPlatforms) = postSolution
		{9A65AF68-E8B2-41ED-AA55-BEF6A4797E87}.Debug|Any CPU.ActiveCfg = Debug|Any CPU
		{9A65AF68-E8B2-41ED-AA55-BEF6A4797E87}.Debug|Any CPU.Build.0 = Debug|Any CPU
		{9A65AF68-E8B2-41ED-AA55-BEF6A4797E87}.Release|Any CPU.ActiveCfg = Release|Any CPU
		{9A65AF68-E8B2-41ED-AA55-BEF6A4797E87}.Release|Any CPU.Build.0 = Release|Any CPU
		{C26700A1-2B14-4295-BD1A-B1F322B2E8EC}.Debug|Any CPU.ActiveCfg = Debug|Any CPU
		{C26700A1-2B14-4295-BD1A-B1F322B2E8EC}.Debug|Any CPU.Build.0 = Debug|Any CPU
		{C26700A1-2B14-4295-BD1A-B1F322B2E8EC}.Release|Any CPU.ActiveCfg = Release|Any CPU
		{C26700A1-2B14-4295-BD1A-B1F322B2E8EC}.Release|Any CPU.Build.0 = Release|Any CPU
		{F9B807E3-6BD7-4495-A614-07F7B02FE3AA}.Debug|Any CPU.ActiveCfg = Debug|Any CPU
		{F9B807E3-6BD7-4495-A614-07F7B02FE3AA}.Debug|Any CPU.Build.0 = Debug|Any CPU
		{F9B807E3-6BD7-4495-A614-07F7B02FE3AA}.Release|Any CPU.ActiveCfg = Release|Any CPU
		{F9B807E3-6BD7-4495-A614-07F7B02FE3AA}.Release|Any CPU.Build.0 = Release|Any CPU
		{6A16DAE2-D5CD-409F-8778-640E3F8997AB}.Debug|Any CPU.ActiveCfg = Debug|Any CPU
		{6A16DAE2-D5CD-409F-8778-640E3F8997AB}.Debug|Any CPU.Build.0 = Debug|Any CPU
		{6A16DAE2-D5CD-409F-8778-640E3F8997AB}.Release|Any CPU.ActiveCfg = Release|Any CPU
		{6A16DAE2-D5CD-409F-8778-640E3F8997AB}.Release|Any CPU.Build.0 = Release|Any CPU
	EndGlobalSection
	GlobalSection(SolutionProperties) = preSolution
		HideSolutionNode = FALSE
	EndGlobalSection
	GlobalSection(ExtensibilityGlobals) = postSolution
		SolutionGuid = {0B725F16-678D-410D-9BF4-220000853CA2}
	EndGlobalSection
EndGlobal
